// !$*UTF8*$!
{
	archiveVersion = 1;
	classes = {
	};
	objectVersion = 51;
	objects = {

/* Begin PBXBuildFile section */
		034006E423CE7B54000A1E82 /* AppDelegate.swift in Sources */ = {isa = PBXBuildFile; fileRef = 034006E323CE7B54000A1E82 /* AppDelegate.swift */; };
		034006E823CE7B54000A1E82 /* ViewController.swift in Sources */ = {isa = PBXBuildFile; fileRef = 034006E723CE7B54000A1E82 /* ViewController.swift */; };
		034006EB23CE7B54000A1E82 /* Main.storyboard in Resources */ = {isa = PBXBuildFile; fileRef = 034006E923CE7B54000A1E82 /* Main.storyboard */; };
		034006ED23CE7B55000A1E82 /* Assets.xcassets in Resources */ = {isa = PBXBuildFile; fileRef = 034006EC23CE7B55000A1E82 /* Assets.xcassets */; };
		034006F023CE7B55000A1E82 /* LaunchScreen.storyboard in Resources */ = {isa = PBXBuildFile; fileRef = 034006EE23CE7B55000A1E82 /* LaunchScreen.storyboard */; };
		034006FB23CE7B55000A1E82 /* Agora_Watson_ARKit_DemoTests.swift in Sources */ = {isa = PBXBuildFile; fileRef = 034006FA23CE7B55000A1E82 /* Agora_Watson_ARKit_DemoTests.swift */; };
		0340070623CE7B55000A1E82 /* Agora_Watson_ARKit_DemoUITests.swift in Sources */ = {isa = PBXBuildFile; fileRef = 0340070523CE7B55000A1E82 /* Agora_Watson_ARKit_DemoUITests.swift */; };
		0340071423CE7D3A000A1E82 /* AgoraLobbyVC+UITextFieldDelegate.swift in Sources */ = {isa = PBXBuildFile; fileRef = 0340071323CE7D3A000A1E82 /* AgoraLobbyVC+UITextFieldDelegate.swift */; };
		0340071623CEBA10000A1E82 /* AgoraLobbyVC.swift in Sources */ = {isa = PBXBuildFile; fileRef = 0340071523CEBA10000A1E82 /* AgoraLobbyVC.swift */; };
		0340071823CEBE25000A1E82 /* ARAudience.swift in Sources */ = {isa = PBXBuildFile; fileRef = 0340071723CEBE25000A1E82 /* ARAudience.swift */; };
		0340071A23CEC0CE000A1E82 /* ARAudience+AgoraRtcEngineDelegate.swift in Sources */ = {isa = PBXBuildFile; fileRef = 0340071923CEC0CE000A1E82 /* ARAudience+AgoraRtcEngineDelegate.swift */; };
		0340071C23CEC130000A1E82 /* ARBroadcaster.swift in Sources */ = {isa = PBXBuildFile; fileRef = 0340071B23CEC130000A1E82 /* ARBroadcaster.swift */; };
		0340071E23CEC182000A1E82 /* ARBroadcaster+AgoraRtcEngineDelegate.swift in Sources */ = {isa = PBXBuildFile; fileRef = 0340071D23CEC182000A1E82 /* ARBroadcaster+AgoraRtcEngineDelegate.swift */; };
		0340072223CF6D91000A1E82 /* ARBroadcaster+ARSCNViewDelegate.swift in Sources */ = {isa = PBXBuildFile; fileRef = 0340072123CF6D91000A1E82 /* ARBroadcaster+ARSCNViewDelegate.swift */; };
		0340072423CF8AA5000A1E82 /* ARBroadcaster+ARSessionDelegate.swift in Sources */ = {isa = PBXBuildFile; fileRef = 0340072323CF8AA5000A1E82 /* ARBroadcaster+ARSessionDelegate.swift */; };
		0340072623CF8BEA000A1E82 /* SCNVector3+Extensions.swift in Sources */ = {isa = PBXBuildFile; fileRef = 0340072523CF8BEA000A1E82 /* SCNVector3+Extensions.swift */; };
		0340072823CF8C48000A1E82 /* ARVideoSource.swift in Sources */ = {isa = PBXBuildFile; fileRef = 0340072723CF8C48000A1E82 /* ARVideoSource.swift */; };
		0340072A23CF9786000A1E82 /* ARBroadcaster+RenderARDelegate.swift in Sources */ = {isa = PBXBuildFile; fileRef = 0340072923CF9786000A1E82 /* ARBroadcaster+RenderARDelegate.swift */; };
		0340072C23CFB412000A1E82 /* AgoraARKit.swift in Sources */ = {isa = PBXBuildFile; fileRef = 0340072B23CFB412000A1E82 /* AgoraARKit.swift */; };
		0340084023D1FD50000A1E82 /* arCoremlBroadcaster.swift in Sources */ = {isa = PBXBuildFile; fileRef = 0340083F23D1FD50000A1E82 /* arCoremlBroadcaster.swift */; };
		0340084223D2282F000A1E82 /* Inceptionv3.mlmodel in Sources */ = {isa = PBXBuildFile; fileRef = 0340084123D2282E000A1E82 /* Inceptionv3.mlmodel */; };
		0340084423D23239000A1E82 /* arWatsonBroadcaster.swift in Sources */ = {isa = PBXBuildFile; fileRef = 0340084323D23239000A1E82 /* arWatsonBroadcaster.swift */; };
		0340084823D26931000A1E82 /* watson_keys.plist in Resources */ = {isa = PBXBuildFile; fileRef = 0340084723D26931000A1E82 /* watson_keys.plist */; };
		8D1DB4E2C345F21BD5CA6E2B /* Pods_Agora_Watson_ARKit_Demo.framework in Frameworks */ = {isa = PBXBuildFile; fileRef = D6A1873779F667E22F672184 /* Pods_Agora_Watson_ARKit_Demo.framework */; };
		CA42D896B246CCFCB9F367B3 /* Pods_Agora_Watson_ARKit_Demo_Agora_Watson_ARKit_DemoUITests.framework in Frameworks */ = {isa = PBXBuildFile; fileRef = A843C14930C207FE0A773C8D /* Pods_Agora_Watson_ARKit_Demo_Agora_Watson_ARKit_DemoUITests.framework */; };
		D1EE13697746FEA7B557F947 /* Pods_Agora_Watson_ARKit_DemoTests.framework in Frameworks */ = {isa = PBXBuildFile; fileRef = 82C9398D852C2C9B65938884 /* Pods_Agora_Watson_ARKit_DemoTests.framework */; };
/* End PBXBuildFile section */

/* Begin PBXContainerItemProxy section */
		034006F723CE7B55000A1E82 /* PBXContainerItemProxy */ = {
			isa = PBXContainerItemProxy;
			containerPortal = 034006D823CE7B54000A1E82 /* Project object */;
			proxyType = 1;
			remoteGlobalIDString = 034006DF23CE7B54000A1E82;
			remoteInfo = "Agora Watson ARKit Demo";
		};
		0340070223CE7B55000A1E82 /* PBXContainerItemProxy */ = {
			isa = PBXContainerItemProxy;
			containerPortal = 034006D823CE7B54000A1E82 /* Project object */;
			proxyType = 1;
			remoteGlobalIDString = 034006DF23CE7B54000A1E82;
			remoteInfo = "Agora Watson ARKit Demo";
		};
/* End PBXContainerItemProxy section */

/* Begin PBXFileReference section */
		034006E023CE7B54000A1E82 /* Agora Watson ARKit Demo.app */ = {isa = PBXFileReference; explicitFileType = wrapper.application; includeInIndex = 0; path = "Agora Watson ARKit Demo.app"; sourceTree = BUILT_PRODUCTS_DIR; };
		034006E323CE7B54000A1E82 /* AppDelegate.swift */ = {isa = PBXFileReference; lastKnownFileType = sourcecode.swift; path = AppDelegate.swift; sourceTree = "<group>"; };
		034006E723CE7B54000A1E82 /* ViewController.swift */ = {isa = PBXFileReference; lastKnownFileType = sourcecode.swift; path = ViewController.swift; sourceTree = "<group>"; };
		034006EA23CE7B54000A1E82 /* Base */ = {isa = PBXFileReference; lastKnownFileType = file.storyboard; name = Base; path = Base.lproj/Main.storyboard; sourceTree = "<group>"; };
		034006EC23CE7B55000A1E82 /* Assets.xcassets */ = {isa = PBXFileReference; lastKnownFileType = folder.assetcatalog; path = Assets.xcassets; sourceTree = "<group>"; };
		034006EF23CE7B55000A1E82 /* Base */ = {isa = PBXFileReference; lastKnownFileType = file.storyboard; name = Base; path = Base.lproj/LaunchScreen.storyboard; sourceTree = "<group>"; };
		034006F123CE7B55000A1E82 /* Info.plist */ = {isa = PBXFileReference; lastKnownFileType = text.plist.xml; path = Info.plist; sourceTree = "<group>"; };
		034006F623CE7B55000A1E82 /* Agora Watson ARKit DemoTests.xctest */ = {isa = PBXFileReference; explicitFileType = wrapper.cfbundle; includeInIndex = 0; path = "Agora Watson ARKit DemoTests.xctest"; sourceTree = BUILT_PRODUCTS_DIR; };
		034006FA23CE7B55000A1E82 /* Agora_Watson_ARKit_DemoTests.swift */ = {isa = PBXFileReference; lastKnownFileType = sourcecode.swift; path = Agora_Watson_ARKit_DemoTests.swift; sourceTree = "<group>"; };
		034006FC23CE7B55000A1E82 /* Info.plist */ = {isa = PBXFileReference; lastKnownFileType = text.plist.xml; path = Info.plist; sourceTree = "<group>"; };
		0340070123CE7B55000A1E82 /* Agora Watson ARKit DemoUITests.xctest */ = {isa = PBXFileReference; explicitFileType = wrapper.cfbundle; includeInIndex = 0; path = "Agora Watson ARKit DemoUITests.xctest"; sourceTree = BUILT_PRODUCTS_DIR; };
		0340070523CE7B55000A1E82 /* Agora_Watson_ARKit_DemoUITests.swift */ = {isa = PBXFileReference; lastKnownFileType = sourcecode.swift; path = Agora_Watson_ARKit_DemoUITests.swift; sourceTree = "<group>"; };
		0340070723CE7B55000A1E82 /* Info.plist */ = {isa = PBXFileReference; lastKnownFileType = text.plist.xml; path = Info.plist; sourceTree = "<group>"; };
		0340071323CE7D3A000A1E82 /* AgoraLobbyVC+UITextFieldDelegate.swift */ = {isa = PBXFileReference; lastKnownFileType = sourcecode.swift; path = "AgoraLobbyVC+UITextFieldDelegate.swift"; sourceTree = "<group>"; };
		0340071523CEBA10000A1E82 /* AgoraLobbyVC.swift */ = {isa = PBXFileReference; lastKnownFileType = sourcecode.swift; path = AgoraLobbyVC.swift; sourceTree = "<group>"; };
		0340071723CEBE25000A1E82 /* ARAudience.swift */ = {isa = PBXFileReference; lastKnownFileType = sourcecode.swift; path = ARAudience.swift; sourceTree = "<group>"; };
		0340071923CEC0CE000A1E82 /* ARAudience+AgoraRtcEngineDelegate.swift */ = {isa = PBXFileReference; lastKnownFileType = sourcecode.swift; path = "ARAudience+AgoraRtcEngineDelegate.swift"; sourceTree = "<group>"; };
		0340071B23CEC130000A1E82 /* ARBroadcaster.swift */ = {isa = PBXFileReference; lastKnownFileType = sourcecode.swift; path = ARBroadcaster.swift; sourceTree = "<group>"; };
		0340071D23CEC182000A1E82 /* ARBroadcaster+AgoraRtcEngineDelegate.swift */ = {isa = PBXFileReference; lastKnownFileType = sourcecode.swift; path = "ARBroadcaster+AgoraRtcEngineDelegate.swift"; sourceTree = "<group>"; };
		0340072123CF6D91000A1E82 /* ARBroadcaster+ARSCNViewDelegate.swift */ = {isa = PBXFileReference; lastKnownFileType = sourcecode.swift; path = "ARBroadcaster+ARSCNViewDelegate.swift"; sourceTree = "<group>"; };
		0340072323CF8AA5000A1E82 /* ARBroadcaster+ARSessionDelegate.swift */ = {isa = PBXFileReference; lastKnownFileType = sourcecode.swift; path = "ARBroadcaster+ARSessionDelegate.swift"; sourceTree = "<group>"; };
		0340072523CF8BEA000A1E82 /* SCNVector3+Extensions.swift */ = {isa = PBXFileReference; lastKnownFileType = sourcecode.swift; path = "SCNVector3+Extensions.swift"; sourceTree = "<group>"; };
		0340072723CF8C48000A1E82 /* ARVideoSource.swift */ = {isa = PBXFileReference; lastKnownFileType = sourcecode.swift; path = ARVideoSource.swift; sourceTree = "<group>"; };
		0340072923CF9786000A1E82 /* ARBroadcaster+RenderARDelegate.swift */ = {isa = PBXFileReference; lastKnownFileType = sourcecode.swift; path = "ARBroadcaster+RenderARDelegate.swift"; sourceTree = "<group>"; };
		0340072B23CFB412000A1E82 /* AgoraARKit.swift */ = {isa = PBXFileReference; lastKnownFileType = sourcecode.swift; path = AgoraARKit.swift; sourceTree = "<group>"; };
		0340083F23D1FD50000A1E82 /* arCoremlBroadcaster.swift */ = {isa = PBXFileReference; lastKnownFileType = sourcecode.swift; name = arCoremlBroadcaster.swift; path = AgoraARKit/arCoremlBroadcaster.swift; sourceTree = "<group>"; };
		0340084123D2282E000A1E82 /* Inceptionv3.mlmodel */ = {isa = PBXFileReference; lastKnownFileType = file.mlmodel; path = Inceptionv3.mlmodel; sourceTree = "<group>"; };
		0340084323D23239000A1E82 /* arWatsonBroadcaster.swift */ = {isa = PBXFileReference; lastKnownFileType = sourcecode.swift; path = arWatsonBroadcaster.swift; sourceTree = "<group>"; };
		0340084723D26931000A1E82 /* watson_keys.plist */ = {isa = PBXFileReference; lastKnownFileType = text.plist.xml; name = watson_keys.plist; path = ../watson_keys.plist; sourceTree = "<group>"; };
		44ECFE25CCEB536B1A7D7ECC /* Pods-Agora Watson ARKit DemoTests.release.xcconfig */ = {isa = PBXFileReference; includeInIndex = 1; lastKnownFileType = text.xcconfig; name = "Pods-Agora Watson ARKit DemoTests.release.xcconfig"; path = "Target Support Files/Pods-Agora Watson ARKit DemoTests/Pods-Agora Watson ARKit DemoTests.release.xcconfig"; sourceTree = "<group>"; };
		688A4AE04F37515CDE2BCFC7 /* Pods-Agora Watson ARKit Demo.debug.xcconfig */ = {isa = PBXFileReference; includeInIndex = 1; lastKnownFileType = text.xcconfig; name = "Pods-Agora Watson ARKit Demo.debug.xcconfig"; path = "Target Support Files/Pods-Agora Watson ARKit Demo/Pods-Agora Watson ARKit Demo.debug.xcconfig"; sourceTree = "<group>"; };
		6FF57519745453CE3B8F3099 /* Pods-Agora Watson ARKit DemoTests.debug.xcconfig */ = {isa = PBXFileReference; includeInIndex = 1; lastKnownFileType = text.xcconfig; name = "Pods-Agora Watson ARKit DemoTests.debug.xcconfig"; path = "Target Support Files/Pods-Agora Watson ARKit DemoTests/Pods-Agora Watson ARKit DemoTests.debug.xcconfig"; sourceTree = "<group>"; };
		82C9398D852C2C9B65938884 /* Pods_Agora_Watson_ARKit_DemoTests.framework */ = {isa = PBXFileReference; explicitFileType = wrapper.framework; includeInIndex = 0; path = Pods_Agora_Watson_ARKit_DemoTests.framework; sourceTree = BUILT_PRODUCTS_DIR; };
		A843C14930C207FE0A773C8D /* Pods_Agora_Watson_ARKit_Demo_Agora_Watson_ARKit_DemoUITests.framework */ = {isa = PBXFileReference; explicitFileType = wrapper.framework; includeInIndex = 0; path = Pods_Agora_Watson_ARKit_Demo_Agora_Watson_ARKit_DemoUITests.framework; sourceTree = BUILT_PRODUCTS_DIR; };
		D3D2471BE61A103325B295F3 /* Pods-Agora Watson ARKit Demo-Agora Watson ARKit DemoUITests.debug.xcconfig */ = {isa = PBXFileReference; includeInIndex = 1; lastKnownFileType = text.xcconfig; name = "Pods-Agora Watson ARKit Demo-Agora Watson ARKit DemoUITests.debug.xcconfig"; path = "Target Support Files/Pods-Agora Watson ARKit Demo-Agora Watson ARKit DemoUITests/Pods-Agora Watson ARKit Demo-Agora Watson ARKit DemoUITests.debug.xcconfig"; sourceTree = "<group>"; };
		D57AFCA803749AE70B0A8789 /* Pods-Agora Watson ARKit Demo.release.xcconfig */ = {isa = PBXFileReference; includeInIndex = 1; lastKnownFileType = text.xcconfig; name = "Pods-Agora Watson ARKit Demo.release.xcconfig"; path = "Target Support Files/Pods-Agora Watson ARKit Demo/Pods-Agora Watson ARKit Demo.release.xcconfig"; sourceTree = "<group>"; };
		D6A1873779F667E22F672184 /* Pods_Agora_Watson_ARKit_Demo.framework */ = {isa = PBXFileReference; explicitFileType = wrapper.framework; includeInIndex = 0; path = Pods_Agora_Watson_ARKit_Demo.framework; sourceTree = BUILT_PRODUCTS_DIR; };
		F86CF9417FA2F0431C22FF1E /* Pods-Agora Watson ARKit Demo-Agora Watson ARKit DemoUITests.release.xcconfig */ = {isa = PBXFileReference; includeInIndex = 1; lastKnownFileType = text.xcconfig; name = "Pods-Agora Watson ARKit Demo-Agora Watson ARKit DemoUITests.release.xcconfig"; path = "Target Support Files/Pods-Agora Watson ARKit Demo-Agora Watson ARKit DemoUITests/Pods-Agora Watson ARKit Demo-Agora Watson ARKit DemoUITests.release.xcconfig"; sourceTree = "<group>"; };
/* End PBXFileReference section */

/* Begin PBXFrameworksBuildPhase section */
		034006DD23CE7B54000A1E82 /* Frameworks */ = {
			isa = PBXFrameworksBuildPhase;
			buildActionMask = 2147483647;
			files = (
				8D1DB4E2C345F21BD5CA6E2B /* Pods_Agora_Watson_ARKit_Demo.framework in Frameworks */,
			);
			runOnlyForDeploymentPostprocessing = 0;
		};
		034006F323CE7B55000A1E82 /* Frameworks */ = {
			isa = PBXFrameworksBuildPhase;
			buildActionMask = 2147483647;
			files = (
				D1EE13697746FEA7B557F947 /* Pods_Agora_Watson_ARKit_DemoTests.framework in Frameworks */,
			);
			runOnlyForDeploymentPostprocessing = 0;
		};
		034006FE23CE7B55000A1E82 /* Frameworks */ = {
			isa = PBXFrameworksBuildPhase;
			buildActionMask = 2147483647;
			files = (
				CA42D896B246CCFCB9F367B3 /* Pods_Agora_Watson_ARKit_Demo_Agora_Watson_ARKit_DemoUITests.framework in Frameworks */,
			);
			runOnlyForDeploymentPostprocessing = 0;
		};
/* End PBXFrameworksBuildPhase section */

/* Begin PBXGroup section */
		034006D723CE7B54000A1E82 = {
			isa = PBXGroup;
			children = (
				034006E223CE7B54000A1E82 /* Agora Watson ARKit Demo */,
				034006F923CE7B55000A1E82 /* Agora Watson ARKit DemoTests */,
				0340070423CE7B55000A1E82 /* Agora Watson ARKit DemoUITests */,
				034006E123CE7B54000A1E82 /* Products */,
				5ED52F92E0EB2D4C11649C7C /* Pods */,
				0681E18287D0CB2E259FD3E3 /* Frameworks */,
			);
			sourceTree = "<group>";
		};
		034006E123CE7B54000A1E82 /* Products */ = {
			isa = PBXGroup;
			children = (
				034006E023CE7B54000A1E82 /* Agora Watson ARKit Demo.app */,
				034006F623CE7B55000A1E82 /* Agora Watson ARKit DemoTests.xctest */,
				0340070123CE7B55000A1E82 /* Agora Watson ARKit DemoUITests.xctest */,
			);
			name = Products;
			sourceTree = "<group>";
		};
		034006E223CE7B54000A1E82 /* Agora Watson ARKit Demo */ = {
			isa = PBXGroup;
			children = (
				0340084723D26931000A1E82 /* watson_keys.plist */,
				0340084123D2282E000A1E82 /* Inceptionv3.mlmodel */,
				0340083F23D1FD50000A1E82 /* arCoremlBroadcaster.swift */,
				0340084323D23239000A1E82 /* arWatsonBroadcaster.swift */,
				034006E323CE7B54000A1E82 /* AppDelegate.swift */,
				034006E723CE7B54000A1E82 /* ViewController.swift */,
				0340072D23CFBC26000A1E82 /* AgoraARKit */,
				034006E923CE7B54000A1E82 /* Main.storyboard */,
				034006EC23CE7B55000A1E82 /* Assets.xcassets */,
				034006EE23CE7B55000A1E82 /* LaunchScreen.storyboard */,
				034006F123CE7B55000A1E82 /* Info.plist */,
			);
			path = "Agora Watson ARKit Demo";
			sourceTree = "<group>";
		};
		034006F923CE7B55000A1E82 /* Agora Watson ARKit DemoTests */ = {
			isa = PBXGroup;
			children = (
				034006FA23CE7B55000A1E82 /* Agora_Watson_ARKit_DemoTests.swift */,
				034006FC23CE7B55000A1E82 /* Info.plist */,
			);
			path = "Agora Watson ARKit DemoTests";
			sourceTree = "<group>";
		};
		0340070423CE7B55000A1E82 /* Agora Watson ARKit DemoUITests */ = {
			isa = PBXGroup;
			children = (
				0340070523CE7B55000A1E82 /* Agora_Watson_ARKit_DemoUITests.swift */,
				0340070723CE7B55000A1E82 /* Info.plist */,
			);
			path = "Agora Watson ARKit DemoUITests";
			sourceTree = "<group>";
		};
		0340072D23CFBC26000A1E82 /* AgoraARKit */ = {
			isa = PBXGroup;
			children = (
				0340072B23CFB412000A1E82 /* AgoraARKit.swift */,
				0340071B23CEC130000A1E82 /* ARBroadcaster.swift */,
				0340072923CF9786000A1E82 /* ARBroadcaster+RenderARDelegate.swift */,
				0340072123CF6D91000A1E82 /* ARBroadcaster+ARSCNViewDelegate.swift */,
				0340072323CF8AA5000A1E82 /* ARBroadcaster+ARSessionDelegate.swift */,
				0340071D23CEC182000A1E82 /* ARBroadcaster+AgoraRtcEngineDelegate.swift */,
				0340071723CEBE25000A1E82 /* ARAudience.swift */,
				0340071923CEC0CE000A1E82 /* ARAudience+AgoraRtcEngineDelegate.swift */,
				0340071523CEBA10000A1E82 /* AgoraLobbyVC.swift */,
				0340071323CE7D3A000A1E82 /* AgoraLobbyVC+UITextFieldDelegate.swift */,
				0340072723CF8C48000A1E82 /* ARVideoSource.swift */,
				0340072523CF8BEA000A1E82 /* SCNVector3+Extensions.swift */,
			);
			path = AgoraARKit;
			sourceTree = "<group>";
		};
		0681E18287D0CB2E259FD3E3 /* Frameworks */ = {
			isa = PBXGroup;
			children = (
				D6A1873779F667E22F672184 /* Pods_Agora_Watson_ARKit_Demo.framework */,
				A843C14930C207FE0A773C8D /* Pods_Agora_Watson_ARKit_Demo_Agora_Watson_ARKit_DemoUITests.framework */,
				82C9398D852C2C9B65938884 /* Pods_Agora_Watson_ARKit_DemoTests.framework */,
			);
			name = Frameworks;
			sourceTree = "<group>";
		};
		5ED52F92E0EB2D4C11649C7C /* Pods */ = {
			isa = PBXGroup;
			children = (
				688A4AE04F37515CDE2BCFC7 /* Pods-Agora Watson ARKit Demo.debug.xcconfig */,
				D57AFCA803749AE70B0A8789 /* Pods-Agora Watson ARKit Demo.release.xcconfig */,
				D3D2471BE61A103325B295F3 /* Pods-Agora Watson ARKit Demo-Agora Watson ARKit DemoUITests.debug.xcconfig */,
				F86CF9417FA2F0431C22FF1E /* Pods-Agora Watson ARKit Demo-Agora Watson ARKit DemoUITests.release.xcconfig */,
				6FF57519745453CE3B8F3099 /* Pods-Agora Watson ARKit DemoTests.debug.xcconfig */,
				44ECFE25CCEB536B1A7D7ECC /* Pods-Agora Watson ARKit DemoTests.release.xcconfig */,
			);
			path = Pods;
			sourceTree = "<group>";
		};
/* End PBXGroup section */

/* Begin PBXNativeTarget section */
		034006DF23CE7B54000A1E82 /* Agora Watson ARKit Demo */ = {
			isa = PBXNativeTarget;
			buildConfigurationList = 0340070A23CE7B55000A1E82 /* Build configuration list for PBXNativeTarget "Agora Watson ARKit Demo" */;
			buildPhases = (
				A70D2E2E83464959E2577403 /* [CP] Check Pods Manifest.lock */,
				034006DC23CE7B54000A1E82 /* Sources */,
				034006DD23CE7B54000A1E82 /* Frameworks */,
				034006DE23CE7B54000A1E82 /* Resources */,
				F221643784F86568047CD333 /* [CP] Embed Pods Frameworks */,
			);
			buildRules = (
			);
			dependencies = (
			);
			name = "Agora Watson ARKit Demo";
			productName = "Agora Watson ARKit Demo";
			productReference = 034006E023CE7B54000A1E82 /* Agora Watson ARKit Demo.app */;
			productType = "com.apple.product-type.application";
		};
		034006F523CE7B55000A1E82 /* Agora Watson ARKit DemoTests */ = {
			isa = PBXNativeTarget;
			buildConfigurationList = 0340070D23CE7B55000A1E82 /* Build configuration list for PBXNativeTarget "Agora Watson ARKit DemoTests" */;
			buildPhases = (
				803E5F6E89831B1EE2180A44 /* [CP] Check Pods Manifest.lock */,
				034006F223CE7B55000A1E82 /* Sources */,
				034006F323CE7B55000A1E82 /* Frameworks */,
				034006F423CE7B55000A1E82 /* Resources */,
			);
			buildRules = (
			);
			dependencies = (
				034006F823CE7B55000A1E82 /* PBXTargetDependency */,
			);
			name = "Agora Watson ARKit DemoTests";
			productName = "Agora Watson ARKit DemoTests";
			productReference = 034006F623CE7B55000A1E82 /* Agora Watson ARKit DemoTests.xctest */;
			productType = "com.apple.product-type.bundle.unit-test";
		};
		0340070023CE7B55000A1E82 /* Agora Watson ARKit DemoUITests */ = {
			isa = PBXNativeTarget;
			buildConfigurationList = 0340071023CE7B55000A1E82 /* Build configuration list for PBXNativeTarget "Agora Watson ARKit DemoUITests" */;
			buildPhases = (
				C583CDC3BCAA3665492109A1 /* [CP] Check Pods Manifest.lock */,
				034006FD23CE7B55000A1E82 /* Sources */,
				034006FE23CE7B55000A1E82 /* Frameworks */,
				034006FF23CE7B55000A1E82 /* Resources */,
				121EAF1ECD3D9824CC0CF884 /* [CP] Embed Pods Frameworks */,
			);
			buildRules = (
			);
			dependencies = (
				0340070323CE7B55000A1E82 /* PBXTargetDependency */,
			);
			name = "Agora Watson ARKit DemoUITests";
			productName = "Agora Watson ARKit DemoUITests";
			productReference = 0340070123CE7B55000A1E82 /* Agora Watson ARKit DemoUITests.xctest */;
			productType = "com.apple.product-type.bundle.ui-testing";
		};
/* End PBXNativeTarget section */

/* Begin PBXProject section */
		034006D823CE7B54000A1E82 /* Project object */ = {
			isa = PBXProject;
			attributes = {
				LastSwiftUpdateCheck = 1130;
				LastUpgradeCheck = 1130;
				ORGANIZATIONNAME = Agora.io;
				TargetAttributes = {
					034006DF23CE7B54000A1E82 = {
						CreatedOnToolsVersion = 11.3.1;
					};
					034006F523CE7B55000A1E82 = {
						CreatedOnToolsVersion = 11.3.1;
						TestTargetID = 034006DF23CE7B54000A1E82;
					};
					0340070023CE7B55000A1E82 = {
						CreatedOnToolsVersion = 11.3.1;
						TestTargetID = 034006DF23CE7B54000A1E82;
					};
				};
			};
			buildConfigurationList = 034006DB23CE7B54000A1E82 /* Build configuration list for PBXProject "Agora Watson ARKit Demo" */;
			compatibilityVersion = "Xcode 9.3";
			developmentRegion = en;
			hasScannedForEncodings = 0;
			knownRegions = (
				en,
				Base,
			);
			mainGroup = 034006D723CE7B54000A1E82;
			productRefGroup = 034006E123CE7B54000A1E82 /* Products */;
			projectDirPath = "";
			projectRoot = "";
			targets = (
				034006DF23CE7B54000A1E82 /* Agora Watson ARKit Demo */,
				034006F523CE7B55000A1E82 /* Agora Watson ARKit DemoTests */,
				0340070023CE7B55000A1E82 /* Agora Watson ARKit DemoUITests */,
			);
		};
/* End PBXProject section */

/* Begin PBXResourcesBuildPhase section */
		034006DE23CE7B54000A1E82 /* Resources */ = {
			isa = PBXResourcesBuildPhase;
			buildActionMask = 2147483647;
			files = (
				034006F023CE7B55000A1E82 /* LaunchScreen.storyboard in Resources */,
				034006ED23CE7B55000A1E82 /* Assets.xcassets in Resources */,
				0340084823D26931000A1E82 /* watson_keys.plist in Resources */,
				034006EB23CE7B54000A1E82 /* Main.storyboard in Resources */,
			);
			runOnlyForDeploymentPostprocessing = 0;
		};
		034006F423CE7B55000A1E82 /* Resources */ = {
			isa = PBXResourcesBuildPhase;
			buildActionMask = 2147483647;
			files = (
			);
			runOnlyForDeploymentPostprocessing = 0;
		};
		034006FF23CE7B55000A1E82 /* Resources */ = {
			isa = PBXResourcesBuildPhase;
			buildActionMask = 2147483647;
			files = (
			);
			runOnlyForDeploymentPostprocessing = 0;
		};
/* End PBXResourcesBuildPhase section */

/* Begin PBXShellScriptBuildPhase section */
		121EAF1ECD3D9824CC0CF884 /* [CP] Embed Pods Frameworks */ = {
			isa = PBXShellScriptBuildPhase;
			buildActionMask = 2147483647;
			files = (
			);
			inputFileListPaths = (
				"${PODS_ROOT}/Target Support Files/Pods-Agora Watson ARKit Demo-Agora Watson ARKit DemoUITests/Pods-Agora Watson ARKit Demo-Agora Watson ARKit DemoUITests-frameworks-${CONFIGURATION}-input-files.xcfilelist",
			);
			name = "[CP] Embed Pods Frameworks";
			outputFileListPaths = (
				"${PODS_ROOT}/Target Support Files/Pods-Agora Watson ARKit Demo-Agora Watson ARKit DemoUITests/Pods-Agora Watson ARKit Demo-Agora Watson ARKit DemoUITests-frameworks-${CONFIGURATION}-output-files.xcfilelist",
			);
			runOnlyForDeploymentPostprocessing = 0;
			shellPath = /bin/sh;
			shellScript = "\"${PODS_ROOT}/Target Support Files/Pods-Agora Watson ARKit Demo-Agora Watson ARKit DemoUITests/Pods-Agora Watson ARKit Demo-Agora Watson ARKit DemoUITests-frameworks.sh\"\n";
			showEnvVarsInLog = 0;
		};
		803E5F6E89831B1EE2180A44 /* [CP] Check Pods Manifest.lock */ = {
			isa = PBXShellScriptBuildPhase;
			buildActionMask = 2147483647;
			files = (
			);
			inputFileListPaths = (
			);
			inputPaths = (
				"${PODS_PODFILE_DIR_PATH}/Podfile.lock",
				"${PODS_ROOT}/Manifest.lock",
			);
			name = "[CP] Check Pods Manifest.lock";
			outputFileListPaths = (
			);
			outputPaths = (
				"$(DERIVED_FILE_DIR)/Pods-Agora Watson ARKit DemoTests-checkManifestLockResult.txt",
			);
			runOnlyForDeploymentPostprocessing = 0;
			shellPath = /bin/sh;
			shellScript = "diff \"${PODS_PODFILE_DIR_PATH}/Podfile.lock\" \"${PODS_ROOT}/Manifest.lock\" > /dev/null\nif [ $? != 0 ] ; then\n    # print error to STDERR\n    echo \"error: The sandbox is not in sync with the Podfile.lock. Run 'pod install' or update your CocoaPods installation.\" >&2\n    exit 1\nfi\n# This output is used by Xcode 'outputs' to avoid re-running this script phase.\necho \"SUCCESS\" > \"${SCRIPT_OUTPUT_FILE_0}\"\n";
			showEnvVarsInLog = 0;
		};
		A70D2E2E83464959E2577403 /* [CP] Check Pods Manifest.lock */ = {
			isa = PBXShellScriptBuildPhase;
			buildActionMask = 2147483647;
			files = (
			);
			inputFileListPaths = (
			);
			inputPaths = (
				"${PODS_PODFILE_DIR_PATH}/Podfile.lock",
				"${PODS_ROOT}/Manifest.lock",
			);
			name = "[CP] Check Pods Manifest.lock";
			outputFileListPaths = (
			);
			outputPaths = (
				"$(DERIVED_FILE_DIR)/Pods-Agora Watson ARKit Demo-checkManifestLockResult.txt",
			);
			runOnlyForDeploymentPostprocessing = 0;
			shellPath = /bin/sh;
			shellScript = "diff \"${PODS_PODFILE_DIR_PATH}/Podfile.lock\" \"${PODS_ROOT}/Manifest.lock\" > /dev/null\nif [ $? != 0 ] ; then\n    # print error to STDERR\n    echo \"error: The sandbox is not in sync with the Podfile.lock. Run 'pod install' or update your CocoaPods installation.\" >&2\n    exit 1\nfi\n# This output is used by Xcode 'outputs' to avoid re-running this script phase.\necho \"SUCCESS\" > \"${SCRIPT_OUTPUT_FILE_0}\"\n";
			showEnvVarsInLog = 0;
		};
		C583CDC3BCAA3665492109A1 /* [CP] Check Pods Manifest.lock */ = {
			isa = PBXShellScriptBuildPhase;
			buildActionMask = 2147483647;
			files = (
			);
			inputFileListPaths = (
			);
			inputPaths = (
				"${PODS_PODFILE_DIR_PATH}/Podfile.lock",
				"${PODS_ROOT}/Manifest.lock",
			);
			name = "[CP] Check Pods Manifest.lock";
			outputFileListPaths = (
			);
			outputPaths = (
				"$(DERIVED_FILE_DIR)/Pods-Agora Watson ARKit Demo-Agora Watson ARKit DemoUITests-checkManifestLockResult.txt",
			);
			runOnlyForDeploymentPostprocessing = 0;
			shellPath = /bin/sh;
			shellScript = "diff \"${PODS_PODFILE_DIR_PATH}/Podfile.lock\" \"${PODS_ROOT}/Manifest.lock\" > /dev/null\nif [ $? != 0 ] ; then\n    # print error to STDERR\n    echo \"error: The sandbox is not in sync with the Podfile.lock. Run 'pod install' or update your CocoaPods installation.\" >&2\n    exit 1\nfi\n# This output is used by Xcode 'outputs' to avoid re-running this script phase.\necho \"SUCCESS\" > \"${SCRIPT_OUTPUT_FILE_0}\"\n";
			showEnvVarsInLog = 0;
		};
		F221643784F86568047CD333 /* [CP] Embed Pods Frameworks */ = {
			isa = PBXShellScriptBuildPhase;
			buildActionMask = 2147483647;
			files = (
			);
			inputFileListPaths = (
				"${PODS_ROOT}/Target Support Files/Pods-Agora Watson ARKit Demo/Pods-Agora Watson ARKit Demo-frameworks-${CONFIGURATION}-input-files.xcfilelist",
			);
			name = "[CP] Embed Pods Frameworks";
			outputFileListPaths = (
				"${PODS_ROOT}/Target Support Files/Pods-Agora Watson ARKit Demo/Pods-Agora Watson ARKit Demo-frameworks-${CONFIGURATION}-output-files.xcfilelist",
			);
			runOnlyForDeploymentPostprocessing = 0;
			shellPath = /bin/sh;
			shellScript = "\"${PODS_ROOT}/Target Support Files/Pods-Agora Watson ARKit Demo/Pods-Agora Watson ARKit Demo-frameworks.sh\"\n";
			showEnvVarsInLog = 0;
		};
/* End PBXShellScriptBuildPhase section */

/* Begin PBXSourcesBuildPhase section */
		034006DC23CE7B54000A1E82 /* Sources */ = {
			isa = PBXSourcesBuildPhase;
			buildActionMask = 2147483647;
			files = (
				0340072C23CFB412000A1E82 /* AgoraARKit.swift in Sources */,
				0340072223CF6D91000A1E82 /* ARBroadcaster+ARSCNViewDelegate.swift in Sources */,
				034006E823CE7B54000A1E82 /* ViewController.swift in Sources */,
				0340071E23CEC182000A1E82 /* ARBroadcaster+AgoraRtcEngineDelegate.swift in Sources */,
				0340084023D1FD50000A1E82 /* arCoremlBroadcaster.swift in Sources */,
				0340071623CEBA10000A1E82 /* AgoraLobbyVC.swift in Sources */,
				0340072423CF8AA5000A1E82 /* ARBroadcaster+ARSessionDelegate.swift in Sources */,
				0340071C23CEC130000A1E82 /* ARBroadcaster.swift in Sources */,
				0340071A23CEC0CE000A1E82 /* ARAudience+AgoraRtcEngineDelegate.swift in Sources */,
				0340084423D23239000A1E82 /* arWatsonBroadcaster.swift in Sources */,
				0340072A23CF9786000A1E82 /* ARBroadcaster+RenderARDelegate.swift in Sources */,
				0340071823CEBE25000A1E82 /* ARAudience.swift in Sources */,
				034006E423CE7B54000A1E82 /* AppDelegate.swift in Sources */,
				0340072823CF8C48000A1E82 /* ARVideoSource.swift in Sources */,
				0340084223D2282F000A1E82 /* Inceptionv3.mlmodel in Sources */,
				0340071423CE7D3A000A1E82 /* AgoraLobbyVC+UITextFieldDelegate.swift in Sources */,
				0340072623CF8BEA000A1E82 /* SCNVector3+Extensions.swift in Sources */,
			);
			runOnlyForDeploymentPostprocessing = 0;
		};
		034006F223CE7B55000A1E82 /* Sources */ = {
			isa = PBXSourcesBuildPhase;
			buildActionMask = 2147483647;
			files = (
				034006FB23CE7B55000A1E82 /* Agora_Watson_ARKit_DemoTests.swift in Sources */,
			);
			runOnlyForDeploymentPostprocessing = 0;
		};
		034006FD23CE7B55000A1E82 /* Sources */ = {
			isa = PBXSourcesBuildPhase;
			buildActionMask = 2147483647;
			files = (
				0340070623CE7B55000A1E82 /* Agora_Watson_ARKit_DemoUITests.swift in Sources */,
			);
			runOnlyForDeploymentPostprocessing = 0;
		};
/* End PBXSourcesBuildPhase section */

/* Begin PBXTargetDependency section */
		034006F823CE7B55000A1E82 /* PBXTargetDependency */ = {
			isa = PBXTargetDependency;
			target = 034006DF23CE7B54000A1E82 /* Agora Watson ARKit Demo */;
			targetProxy = 034006F723CE7B55000A1E82 /* PBXContainerItemProxy */;
		};
		0340070323CE7B55000A1E82 /* PBXTargetDependency */ = {
			isa = PBXTargetDependency;
			target = 034006DF23CE7B54000A1E82 /* Agora Watson ARKit Demo */;
			targetProxy = 0340070223CE7B55000A1E82 /* PBXContainerItemProxy */;
		};
/* End PBXTargetDependency section */

/* Begin PBXVariantGroup section */
		034006E923CE7B54000A1E82 /* Main.storyboard */ = {
			isa = PBXVariantGroup;
			children = (
				034006EA23CE7B54000A1E82 /* Base */,
			);
			name = Main.storyboard;
			sourceTree = "<group>";
		};
		034006EE23CE7B55000A1E82 /* LaunchScreen.storyboard */ = {
			isa = PBXVariantGroup;
			children = (
				034006EF23CE7B55000A1E82 /* Base */,
			);
			name = LaunchScreen.storyboard;
			sourceTree = "<group>";
		};
/* End PBXVariantGroup section */

/* Begin XCBuildConfiguration section */
		0340070823CE7B55000A1E82 /* Debug */ = {
			isa = XCBuildConfiguration;
			buildSettings = {
				ALWAYS_SEARCH_USER_PATHS = NO;
				CLANG_ANALYZER_NONNULL = YES;
				CLANG_ANALYZER_NUMBER_OBJECT_CONVERSION = YES_AGGRESSIVE;
				CLANG_CXX_LANGUAGE_STANDARD = "gnu++14";
				CLANG_CXX_LIBRARY = "libc++";
				CLANG_ENABLE_MODULES = YES;
				CLANG_ENABLE_OBJC_ARC = YES;
				CLANG_ENABLE_OBJC_WEAK = YES;
				CLANG_WARN_BLOCK_CAPTURE_AUTORELEASING = YES;
				CLANG_WARN_BOOL_CONVERSION = YES;
				CLANG_WARN_COMMA = YES;
				CLANG_WARN_CONSTANT_CONVERSION = YES;
				CLANG_WARN_DEPRECATED_OBJC_IMPLEMENTATIONS = YES;
				CLANG_WARN_DIRECT_OBJC_ISA_USAGE = YES_ERROR;
				CLANG_WARN_DOCUMENTATION_COMMENTS = YES;
				CLANG_WARN_EMPTY_BODY = YES;
				CLANG_WARN_ENUM_CONVERSION = YES;
				CLANG_WARN_INFINITE_RECURSION = YES;
				CLANG_WARN_INT_CONVERSION = YES;
				CLANG_WARN_NON_LITERAL_NULL_CONVERSION = YES;
				CLANG_WARN_OBJC_IMPLICIT_RETAIN_SELF = YES;
				CLANG_WARN_OBJC_LITERAL_CONVERSION = YES;
				CLANG_WARN_OBJC_ROOT_CLASS = YES_ERROR;
				CLANG_WARN_RANGE_LOOP_ANALYSIS = YES;
				CLANG_WARN_STRICT_PROTOTYPES = YES;
				CLANG_WARN_SUSPICIOUS_MOVE = YES;
				CLANG_WARN_UNGUARDED_AVAILABILITY = YES_AGGRESSIVE;
				CLANG_WARN_UNREACHABLE_CODE = YES;
				CLANG_WARN__DUPLICATE_METHOD_MATCH = YES;
				COPY_PHASE_STRIP = NO;
				DEBUG_INFORMATION_FORMAT = dwarf;
				ENABLE_STRICT_OBJC_MSGSEND = YES;
				ENABLE_TESTABILITY = YES;
				GCC_C_LANGUAGE_STANDARD = gnu11;
				GCC_DYNAMIC_NO_PIC = NO;
				GCC_NO_COMMON_BLOCKS = YES;
				GCC_OPTIMIZATION_LEVEL = 0;
				GCC_PREPROCESSOR_DEFINITIONS = (
					"DEBUG=1",
					"$(inherited)",
				);
				GCC_WARN_64_TO_32_BIT_CONVERSION = YES;
				GCC_WARN_ABOUT_RETURN_TYPE = YES_ERROR;
				GCC_WARN_UNDECLARED_SELECTOR = YES;
				GCC_WARN_UNINITIALIZED_AUTOS = YES_AGGRESSIVE;
				GCC_WARN_UNUSED_FUNCTION = YES;
				GCC_WARN_UNUSED_VARIABLE = YES;
				IPHONEOS_DEPLOYMENT_TARGET = 13.2;
				MTL_ENABLE_DEBUG_INFO = INCLUDE_SOURCE;
				MTL_FAST_MATH = YES;
				ONLY_ACTIVE_ARCH = YES;
				SDKROOT = iphoneos;
				SWIFT_ACTIVE_COMPILATION_CONDITIONS = DEBUG;
				SWIFT_OPTIMIZATION_LEVEL = "-Onone";
			};
			name = Debug;
		};
		0340070923CE7B55000A1E82 /* Release */ = {
			isa = XCBuildConfiguration;
			buildSettings = {
				ALWAYS_SEARCH_USER_PATHS = NO;
				CLANG_ANALYZER_NONNULL = YES;
				CLANG_ANALYZER_NUMBER_OBJECT_CONVERSION = YES_AGGRESSIVE;
				CLANG_CXX_LANGUAGE_STANDARD = "gnu++14";
				CLANG_CXX_LIBRARY = "libc++";
				CLANG_ENABLE_MODULES = YES;
				CLANG_ENABLE_OBJC_ARC = YES;
				CLANG_ENABLE_OBJC_WEAK = YES;
				CLANG_WARN_BLOCK_CAPTURE_AUTORELEASING = YES;
				CLANG_WARN_BOOL_CONVERSION = YES;
				CLANG_WARN_COMMA = YES;
				CLANG_WARN_CONSTANT_CONVERSION = YES;
				CLANG_WARN_DEPRECATED_OBJC_IMPLEMENTATIONS = YES;
				CLANG_WARN_DIRECT_OBJC_ISA_USAGE = YES_ERROR;
				CLANG_WARN_DOCUMENTATION_COMMENTS = YES;
				CLANG_WARN_EMPTY_BODY = YES;
				CLANG_WARN_ENUM_CONVERSION = YES;
				CLANG_WARN_INFINITE_RECURSION = YES;
				CLANG_WARN_INT_CONVERSION = YES;
				CLANG_WARN_NON_LITERAL_NULL_CONVERSION = YES;
				CLANG_WARN_OBJC_IMPLICIT_RETAIN_SELF = YES;
				CLANG_WARN_OBJC_LITERAL_CONVERSION = YES;
				CLANG_WARN_OBJC_ROOT_CLASS = YES_ERROR;
				CLANG_WARN_RANGE_LOOP_ANALYSIS = YES;
				CLANG_WARN_STRICT_PROTOTYPES = YES;
				CLANG_WARN_SUSPICIOUS_MOVE = YES;
				CLANG_WARN_UNGUARDED_AVAILABILITY = YES_AGGRESSIVE;
				CLANG_WARN_UNREACHABLE_CODE = YES;
				CLANG_WARN__DUPLICATE_METHOD_MATCH = YES;
				COPY_PHASE_STRIP = NO;
				DEBUG_INFORMATION_FORMAT = "dwarf-with-dsym";
				ENABLE_NS_ASSERTIONS = NO;
				ENABLE_STRICT_OBJC_MSGSEND = YES;
				GCC_C_LANGUAGE_STANDARD = gnu11;
				GCC_NO_COMMON_BLOCKS = YES;
				GCC_WARN_64_TO_32_BIT_CONVERSION = YES;
				GCC_WARN_ABOUT_RETURN_TYPE = YES_ERROR;
				GCC_WARN_UNDECLARED_SELECTOR = YES;
				GCC_WARN_UNINITIALIZED_AUTOS = YES_AGGRESSIVE;
				GCC_WARN_UNUSED_FUNCTION = YES;
				GCC_WARN_UNUSED_VARIABLE = YES;
				IPHONEOS_DEPLOYMENT_TARGET = 13.2;
				MTL_ENABLE_DEBUG_INFO = NO;
				MTL_FAST_MATH = YES;
				SDKROOT = iphoneos;
				SWIFT_COMPILATION_MODE = wholemodule;
				SWIFT_OPTIMIZATION_LEVEL = "-O";
				VALIDATE_PRODUCT = YES;
			};
			name = Release;
		};
		0340070B23CE7B55000A1E82 /* Debug */ = {
			isa = XCBuildConfiguration;
			baseConfigurationReference = 688A4AE04F37515CDE2BCFC7 /* Pods-Agora Watson ARKit Demo.debug.xcconfig */;
			buildSettings = {
				ASSETCATALOG_COMPILER_APPICON_NAME = AppIcon;
				CODE_SIGN_STYLE = Automatic;
				DEVELOPMENT_TEAM = WC65ELHV6C;
				INFOPLIST_FILE = "Agora Watson ARKit Demo/Info.plist";
				IPHONEOS_DEPLOYMENT_TARGET = 12.2;
				LD_RUNPATH_SEARCH_PATHS = (
					"$(inherited)",
					"@executable_path/Frameworks",
				);
				PRODUCT_BUNDLE_IDENTIFIER = "agora.io.Agora-Watson-ARKit-Demo";
				PRODUCT_NAME = "$(TARGET_NAME)";
				SWIFT_VERSION = 5.0;
				TARGETED_DEVICE_FAMILY = "1,2";
			};
			name = Debug;
		};
		0340070C23CE7B55000A1E82 /* Release */ = {
			isa = XCBuildConfiguration;
			baseConfigurationReference = D57AFCA803749AE70B0A8789 /* Pods-Agora Watson ARKit Demo.release.xcconfig */;
			buildSettings = {
				ASSETCATALOG_COMPILER_APPICON_NAME = AppIcon;
				CODE_SIGN_STYLE = Automatic;
				DEVELOPMENT_TEAM = WC65ELHV6C;
				INFOPLIST_FILE = "Agora Watson ARKit Demo/Info.plist";
				IPHONEOS_DEPLOYMENT_TARGET = 12.2;
				LD_RUNPATH_SEARCH_PATHS = (
					"$(inherited)",
					"@executable_path/Frameworks",
				);
				PRODUCT_BUNDLE_IDENTIFIER = "agora.io.Agora-Watson-ARKit-Demo";
				PRODUCT_NAME = "$(TARGET_NAME)";
				SWIFT_VERSION = 5.0;
				TARGETED_DEVICE_FAMILY = "1,2";
			};
			name = Release;
		};
		0340070E23CE7B55000A1E82 /* Debug */ = {
			isa = XCBuildConfiguration;
			baseConfigurationReference = 6FF57519745453CE3B8F3099 /* Pods-Agora Watson ARKit DemoTests.debug.xcconfig */;
			buildSettings = {
				ALWAYS_EMBED_SWIFT_STANDARD_LIBRARIES = YES;
				BUNDLE_LOADER = "$(TEST_HOST)";
				CODE_SIGN_STYLE = Automatic;
				DEVELOPMENT_TEAM = WC65ELHV6C;
				INFOPLIST_FILE = "Agora Watson ARKit DemoTests/Info.plist";
				IPHONEOS_DEPLOYMENT_TARGET = 13.2;
				LD_RUNPATH_SEARCH_PATHS = (
					"$(inherited)",
					"@executable_path/Frameworks",
					"@loader_path/Frameworks",
				);
				PRODUCT_BUNDLE_IDENTIFIER = "agora.io.Agora-Watson-ARKit-DemoTests";
				PRODUCT_NAME = "$(TARGET_NAME)";
				SWIFT_VERSION = 5.0;
				TARGETED_DEVICE_FAMILY = "1,2";
				TEST_HOST = "$(BUILT_PRODUCTS_DIR)/Agora Watson ARKit Demo.app/Agora Watson ARKit Demo";
			};
			name = Debug;
		};
		0340070F23CE7B55000A1E82 /* Release */ = {
			isa = XCBuildConfiguration;
			baseConfigurationReference = 44ECFE25CCEB536B1A7D7ECC /* Pods-Agora Watson ARKit DemoTests.release.xcconfig */;
			buildSettings = {
				ALWAYS_EMBED_SWIFT_STANDARD_LIBRARIES = YES;
				BUNDLE_LOADER = "$(TEST_HOST)";
				CODE_SIGN_STYLE = Automatic;
				DEVELOPMENT_TEAM = WC65ELHV6C;
				INFOPLIST_FILE = "Agora Watson ARKit DemoTests/Info.plist";
				IPHONEOS_DEPLOYMENT_TARGET = 13.2;
				LD_RUNPATH_SEARCH_PATHS = (
					"$(inherited)",
					"@executable_path/Frameworks",
					"@loader_path/Frameworks",
				);
				PRODUCT_BUNDLE_IDENTIFIER = "agora.io.Agora-Watson-ARKit-DemoTests";
				PRODUCT_NAME = "$(TARGET_NAME)";
				SWIFT_VERSION = 5.0;
				TARGETED_DEVICE_FAMILY = "1,2";
				TEST_HOST = "$(BUILT_PRODUCTS_DIR)/Agora Watson ARKit Demo.app/Agora Watson ARKit Demo";
			};
			name = Release;
		};
		0340071123CE7B55000A1E82 /* Debug */ = {
			isa = XCBuildConfiguration;
			baseConfigurationReference = D3D2471BE61A103325B295F3 /* Pods-Agora Watson ARKit Demo-Agora Watson ARKit DemoUITests.debug.xcconfig */;
			buildSettings = {
				ALWAYS_EMBED_SWIFT_STANDARD_LIBRARIES = "$(inherited)";
				CODE_SIGN_STYLE = Automatic;
				DEVELOPMENT_TEAM = WC65ELHV6C;
				INFOPLIST_FILE = "Agora Watson ARKit DemoUITests/Info.plist";
				LD_RUNPATH_SEARCH_PATHS = (
					"$(inherited)",
					"@executable_path/Frameworks",
					"@loader_path/Frameworks",
				);
				PRODUCT_BUNDLE_IDENTIFIER = "agora.io.Agora-Watson-ARKit-DemoUITests";
				PRODUCT_NAME = "$(TARGET_NAME)";
				SWIFT_VERSION = 5.0;
				TARGETED_DEVICE_FAMILY = "1,2";
				TEST_TARGET_NAME = "Agora Watson ARKit Demo";
			};
			name = Debug;
		};
		0340071223CE7B55000A1E82 /* Release */ = {
			isa = XCBuildConfiguration;
			baseConfigurationReference = F86CF9417FA2F0431C22FF1E /* Pods-Agora Watson ARKit Demo-Agora Watson ARKit DemoUITests.release.xcconfig */;
			buildSettings = {
				ALWAYS_EMBED_SWIFT_STANDARD_LIBRARIES = "$(inherited)";
				CODE_SIGN_STYLE = Automatic;
				DEVELOPMENT_TEAM = WC65ELHV6C;
				INFOPLIST_FILE = "Agora Watson ARKit DemoUITests/Info.plist";
				LD_RUNPATH_SEARCH_PATHS = (
					"$(inherited)",
					"@executable_path/Frameworks",
					"@loader_path/Frameworks",
				);
				PRODUCT_BUNDLE_IDENTIFIER = "agora.io.Agora-Watson-ARKit-DemoUITests";
				PRODUCT_NAME = "$(TARGET_NAME)";
				SWIFT_VERSION = 5.0;
				TARGETED_DEVICE_FAMILY = "1,2";
				TEST_TARGET_NAME = "Agora Watson ARKit Demo";
			};
			name = Release;
		};
/* End XCBuildConfiguration section */

/* Begin XCConfigurationList section */
		034006DB23CE7B54000A1E82 /* Build configuration list for PBXProject "Agora Watson ARKit Demo" */ = {
			isa = XCConfigurationList;
			buildConfigurations = (
				0340070823CE7B55000A1E82 /* Debug */,
				0340070923CE7B55000A1E82 /* Release */,
			);
			defaultConfigurationIsVisible = 0;
			defaultConfigurationName = Release;
		};
		0340070A23CE7B55000A1E82 /* Build configuration list for PBXNativeTarget "Agora Watson ARKit Demo" */ = {
			isa = XCConfigurationList;
			buildConfigurations = (
				0340070B23CE7B55000A1E82 /* Debug */,
				0340070C23CE7B55000A1E82 /* Release */,
			);
			defaultConfigurationIsVisible = 0;
			defaultConfigurationName = Release;
		};
		0340070D23CE7B55000A1E82 /* Build configuration list for PBXNativeTarget "Agora Watson ARKit DemoTests" */ = {
			isa = XCConfigurationList;
			buildConfigurations = (
				0340070E23CE7B55000A1E82 /* Debug */,
				0340070F23CE7B55000A1E82 /* Release */,
			);
			defaultConfigurationIsVisible = 0;
			defaultConfigurationName = Release;
		};
		0340071023CE7B55000A1E82 /* Build configuration list for PBXNativeTarget "Agora Watson ARKit DemoUITests" */ = {
			isa = XCConfigurationList;
			buildConfigurations = (
				0340071123CE7B55000A1E82 /* Debug */,
				0340071223CE7B55000A1E82 /* Release */,
			);
			defaultConfigurationIsVisible = 0;
			defaultConfigurationName = Release;
		};
/* End XCConfigurationList section */
	};
	rootObject = 034006D823CE7B54000A1E82 /* Project object */;
}
